// !$*UTF8*$!
{
	archiveVersion = 1;
	classes = {
	};
	objectVersion = 46;
	objects = {

/* Begin PBXBuildFile section */
		84078C642067E93900394564 /* PatientAddMedicineController.swift in Sources */ = {isa = PBXBuildFile; fileRef = 84078C632067E93800394564 /* PatientAddMedicineController.swift */; };
		843CA8EC20517B4F00DC7D3C /* roundButton.swift in Sources */ = {isa = PBXBuildFile; fileRef = 843CA8EB20517B4F00DC7D3C /* roundButton.swift */; };
		845FB4D5205ED581009245EC /* DoctorAddMedicineController.swift in Sources */ = {isa = PBXBuildFile; fileRef = 845FB4D4205ED581009245EC /* DoctorAddMedicineController.swift */; };
		8467A0552067FEED0043F433 /* DoctorAddSettingsController.swift in Sources */ = {isa = PBXBuildFile; fileRef = 8467A0542067FEED0043F433 /* DoctorAddSettingsController.swift */; };
		84E8F9362060349A00D24419 /* DoctorAddDoctorController.swift in Sources */ = {isa = PBXBuildFile; fileRef = 84E8F9352060349A00D24419 /* DoctorAddDoctorController.swift */; };
		96051181206A5533001E34B3 /* EvaluationExtension.swift in Sources */ = {isa = PBXBuildFile; fileRef = 96051180206A5533001E34B3 /* EvaluationExtension.swift */; };
		960897C320591BC900211064 /* DoctorCollection.swift in Sources */ = {isa = PBXBuildFile; fileRef = 960897C220591BC900211064 /* DoctorCollection.swift */; };
		960897C520591BCC00211064 /* MedicineCollection.swift in Sources */ = {isa = PBXBuildFile; fileRef = 960897C420591BCC00211064 /* MedicineCollection.swift */; };
		960897C720591BCF00211064 /* MeetingCollection.swift in Sources */ = {isa = PBXBuildFile; fileRef = 960897C620591BCF00211064 /* MeetingCollection.swift */; };
		960897C920591BD400211064 /* NotificationCollection.swift in Sources */ = {isa = PBXBuildFile; fileRef = 960897C820591BD400211064 /* NotificationCollection.swift */; };
		960897CB20591BD700211064 /* ReportingCollection.swift in Sources */ = {isa = PBXBuildFile; fileRef = 960897CA20591BD700211064 /* ReportingCollection.swift */; };
		960897CD20591C6800211064 /* ActivityCollection.swift in Sources */ = {isa = PBXBuildFile; fileRef = 960897CC20591C6800211064 /* ActivityCollection.swift */; };
		960897D020591DA900211064 /* DoctorMedicineController.swift in Sources */ = {isa = PBXBuildFile; fileRef = 960897CF20591DA900211064 /* DoctorMedicineController.swift */; };
		960897D22059312F00211064 /* MedicineTableViewCell.swift in Sources */ = {isa = PBXBuildFile; fileRef = 960897D12059312F00211064 /* MedicineTableViewCell.swift */; };
		960897D6205936F400211064 /* MedicineExtension.swift in Sources */ = {isa = PBXBuildFile; fileRef = 960897D5205936F400211064 /* MedicineExtension.swift */; };
		960897DB205AA73500211064 /* CoreDataDAOFactory.swift in Sources */ = {isa = PBXBuildFile; fileRef = 960897DA205AA73500211064 /* CoreDataDAOFactory.swift */; };
		960897DE205AA78C00211064 /* MedicineDAO.swift in Sources */ = {isa = PBXBuildFile; fileRef = 960897DD205AA78C00211064 /* MedicineDAO.swift */; };
		960897E1205AA7C600211064 /* CoreDataMedicineDAO.swift in Sources */ = {isa = PBXBuildFile; fileRef = 960897E0205AA7C600211064 /* CoreDataMedicineDAO.swift */; };
		960897E4205AB0F300211064 /* PersitenceFacade.swift in Sources */ = {isa = PBXBuildFile; fileRef = 960897E3205AB0F300211064 /* PersitenceFacade.swift */; };
		960897E9205AC97200211064 /* CoreDataDoctorDAO.swift in Sources */ = {isa = PBXBuildFile; fileRef = 960897E8205AC97200211064 /* CoreDataDoctorDAO.swift */; };
		960897EB205AC99B00211064 /* CoreDataActivityDAO.swift in Sources */ = {isa = PBXBuildFile; fileRef = 960897EA205AC99B00211064 /* CoreDataActivityDAO.swift */; };
		960897ED205AC9AD00211064 /* CoreDataMedicinePrescriptionDAO.swift in Sources */ = {isa = PBXBuildFile; fileRef = 960897EC205AC9AD00211064 /* CoreDataMedicinePrescriptionDAO.swift */; };
		960897F1205AC9D600211064 /* CoreDataMeetingDAO.swift in Sources */ = {isa = PBXBuildFile; fileRef = 960897F0205AC9D600211064 /* CoreDataMeetingDAO.swift */; };
		960897F3205AC9EC00211064 /* CoreDataReportingDAO.swift in Sources */ = {isa = PBXBuildFile; fileRef = 960897F2205AC9EC00211064 /* CoreDataReportingDAO.swift */; };
		960897F5205ACA4700211064 /* ActivityDAO.swift in Sources */ = {isa = PBXBuildFile; fileRef = 960897F4205ACA4700211064 /* ActivityDAO.swift */; };
		960897F7205ACA6600211064 /* DoctorDAO.swift in Sources */ = {isa = PBXBuildFile; fileRef = 960897F6205ACA6600211064 /* DoctorDAO.swift */; };
		960897F9205ACA7600211064 /* MeetingDAO.swift in Sources */ = {isa = PBXBuildFile; fileRef = 960897F8205ACA7600211064 /* MeetingDAO.swift */; };
		960897FB205ACA8000211064 /* ReportingDAO.swift in Sources */ = {isa = PBXBuildFile; fileRef = 960897FA205ACA8000211064 /* ReportingDAO.swift */; };
		960897FF205ACAB800211064 /* MedicinePrescription.swift in Sources */ = {isa = PBXBuildFile; fileRef = 960897FE205ACAB800211064 /* MedicinePrescription.swift */; };
		96089801205ACB6A00211064 /* MedicinePrescriptionCollection.swift in Sources */ = {isa = PBXBuildFile; fileRef = 96089800205ACB6A00211064 /* MedicinePrescriptionCollection.swift */; };
		96270A3D206115F5001A6BDE /* MedicinePrescriptionExtension.swift in Sources */ = {isa = PBXBuildFile; fileRef = 96270A3C206115F5001A6BDE /* MedicinePrescriptionExtension.swift */; };
		96270A3F20611956001A6BDE /* ActivityExtension.swift in Sources */ = {isa = PBXBuildFile; fileRef = 96270A3E20611956001A6BDE /* ActivityExtension.swift */; };
		96270A4320611AEF001A6BDE /* ReportingExtension.swift in Sources */ = {isa = PBXBuildFile; fileRef = 96270A4220611AEF001A6BDE /* ReportingExtension.swift */; };
		96270A4520611B76001A6BDE /* MeetingExtension.swift in Sources */ = {isa = PBXBuildFile; fileRef = 96270A4420611B76001A6BDE /* MeetingExtension.swift */; };
		96270A4720611D02001A6BDE /* EvaluationCollection.swift in Sources */ = {isa = PBXBuildFile; fileRef = 96270A4620611D02001A6BDE /* EvaluationCollection.swift */; };
		96270A4B206123DA001A6BDE /* EventExtension.swift in Sources */ = {isa = PBXBuildFile; fileRef = 96270A4A206123DA001A6BDE /* EventExtension.swift */; };
		968DD4E72064DDE600C66416 /* AbstractDAOFactory.swift in Sources */ = {isa = PBXBuildFile; fileRef = 968DD4E62064DDE600C66416 /* AbstractDAOFactory.swift */; };
		96B3679E2063D7A8008CBC91 /* DoctorSynthesisController.swift in Sources */ = {isa = PBXBuildFile; fileRef = 96B3679D2063D7A8008CBC91 /* DoctorSynthesisController.swift */; };
		96B367A02063D86D008CBC91 /* SynthesisCollection.swift in Sources */ = {isa = PBXBuildFile; fileRef = 96B3679F2063D86D008CBC91 /* SynthesisCollection.swift */; };
		96B367A22063D9A6008CBC91 /* SynthesisExtension.swift in Sources */ = {isa = PBXBuildFile; fileRef = 96B367A12063D9A6008CBC91 /* SynthesisExtension.swift */; };
		96B367A42063DCE3008CBC91 /* CoreDataSynthesisDAO.swift in Sources */ = {isa = PBXBuildFile; fileRef = 96B367A32063DCE3008CBC91 /* CoreDataSynthesisDAO.swift */; };
		96B367A62063DD8A008CBC91 /* SynthesisDAO.swift in Sources */ = {isa = PBXBuildFile; fileRef = 96B367A52063DD8A008CBC91 /* SynthesisDAO.swift */; };
		96B367A82063DE8D008CBC91 /* SynthesisTableViewCell.swift in Sources */ = {isa = PBXBuildFile; fileRef = 96B367A72063DE8D008CBC91 /* SynthesisTableViewCell.swift */; };
		96B367AD2063E366008CBC91 /* icons8-chevron-right-filled-50.png in Resources */ = {isa = PBXBuildFile; fileRef = 96B367AB2063E366008CBC91 /* icons8-chevron-right-filled-50.png */; };
		96B367AE2063E366008CBC91 /* icons8-medical-doctor-50.png in Resources */ = {isa = PBXBuildFile; fileRef = 96B367AC2063E366008CBC91 /* icons8-medical-doctor-50.png */; };
		96B367B02063E8F6008CBC91 /* ShowSynthesisController.swift in Sources */ = {isa = PBXBuildFile; fileRef = 96B367AF2063E8F6008CBC91 /* ShowSynthesisController.swift */; };
		96BFC1052067ED740026723B /* NotificationManager.swift in Sources */ = {isa = PBXBuildFile; fileRef = 96BFC1042067ED740026723B /* NotificationManager.swift */; };
		96DF3005205D6E0100FD5B57 /* PatientMeetingController.swift in Sources */ = {isa = PBXBuildFile; fileRef = 96DF3004205D6E0100FD5B57 /* PatientMeetingController.swift */; };
		96DF3007205D6F1B00FD5B57 /* MeetingTableViewCell.swift in Sources */ = {isa = PBXBuildFile; fileRef = 96DF3006205D6F1B00FD5B57 /* MeetingTableViewCell.swift */; };
		96DF3009205D73E900FD5B57 /* DateExtension.swift in Sources */ = {isa = PBXBuildFile; fileRef = 96DF3008205D73E900FD5B57 /* DateExtension.swift */; };
		96DF300B205D756F00FD5B57 /* ReportingTableViewCell.swift in Sources */ = {isa = PBXBuildFile; fileRef = 96DF300A205D756F00FD5B57 /* ReportingTableViewCell.swift */; };
		96DF300D205D75C500FD5B57 /* PatientReportingController.swift in Sources */ = {isa = PBXBuildFile; fileRef = 96DF300C205D75C500FD5B57 /* PatientReportingController.swift */; };
		96E179942063FC87007ACCD2 /* pills.png in Resources */ = {isa = PBXBuildFile; fileRef = 96E179932063FC87007ACCD2 /* pills.png */; };
		96EDA73D205D335300ED2AB4 /* ActivityTableViewCell.swift in Sources */ = {isa = PBXBuildFile; fileRef = 96EDA73C205D335300ED2AB4 /* ActivityTableViewCell.swift */; };
		96EDA741205D3B1C00ED2AB4 /* DoctorController.swift in Sources */ = {isa = PBXBuildFile; fileRef = 96EDA740205D3B1C00ED2AB4 /* DoctorController.swift */; };
		96EDA743205D3BA400ED2AB4 /* DoctorTableViewCell.swift in Sources */ = {isa = PBXBuildFile; fileRef = 96EDA742205D3BA400ED2AB4 /* DoctorTableViewCell.swift */; };
		96EDA745205D3C7100ED2AB4 /* DoctorExtension.swift in Sources */ = {isa = PBXBuildFile; fileRef = 96EDA744205D3C7100ED2AB4 /* DoctorExtension.swift */; };
		96EDA747205D55CF00ED2AB4 /* PatientMedicinePrescriptionController.swift in Sources */ = {isa = PBXBuildFile; fileRef = 96EDA746205D55CF00ED2AB4 /* PatientMedicinePrescriptionController.swift */; };
		96EDA749205D58B500ED2AB4 /* MedicinePrescriptionTableViewCell.swift in Sources */ = {isa = PBXBuildFile; fileRef = 96EDA748205D58B500ED2AB4 /* MedicinePrescriptionTableViewCell.swift */; };
		96EDA74D205D678700ED2AB4 /* ActivityController.swift in Sources */ = {isa = PBXBuildFile; fileRef = 96EDA74C205D678700ED2AB4 /* ActivityController.swift */; };
		A105FD4B2063EFBB0004A7A8 /* PatientAddMeetingController.swift in Sources */ = {isa = PBXBuildFile; fileRef = A105FD4A2063EFBB0004A7A8 /* PatientAddMeetingController.swift */; };
		A1768D6E2046AECD007A76D6 /* AppDelegate.swift in Sources */ = {isa = PBXBuildFile; fileRef = A1768D6D2046AECD007A76D6 /* AppDelegate.swift */; };
		A1768D702046AECD007A76D6 /* ViewController.swift in Sources */ = {isa = PBXBuildFile; fileRef = A1768D6F2046AECD007A76D6 /* ViewController.swift */; };
		A1768D732046AECD007A76D6 /* Main.storyboard in Resources */ = {isa = PBXBuildFile; fileRef = A1768D712046AECD007A76D6 /* Main.storyboard */; };
		A1768D762046AECD007A76D6 /* ParkinsonCare.xcdatamodeld in Sources */ = {isa = PBXBuildFile; fileRef = A1768D742046AECD007A76D6 /* ParkinsonCare.xcdatamodeld */; };
		A1768D782046AECD007A76D6 /* Assets.xcassets in Resources */ = {isa = PBXBuildFile; fileRef = A1768D772046AECD007A76D6 /* Assets.xcassets */; };
		A1768D7B2046AECD007A76D6 /* LaunchScreen.storyboard in Resources */ = {isa = PBXBuildFile; fileRef = A1768D792046AECD007A76D6 /* LaunchScreen.storyboard */; };
		A1768D862046AECD007A76D6 /* ParkinsonCareTests.swift in Sources */ = {isa = PBXBuildFile; fileRef = A1768D852046AECD007A76D6 /* ParkinsonCareTests.swift */; };
		A1768D912046AECD007A76D6 /* ParkinsonCareUITests.swift in Sources */ = {isa = PBXBuildFile; fileRef = A1768D902046AECD007A76D6 /* ParkinsonCareUITests.swift */; };
		A183CD242062C8A10033698E /* AddActivityController.swift in Sources */ = {isa = PBXBuildFile; fileRef = A183CD232062C8A10033698E /* AddActivityController.swift */; };
		A188E1AB206A64DF00E787C0 /* imageedit_3_9535946231.png in Resources */ = {isa = PBXBuildFile; fileRef = A188E1AA206A64DF00E787C0 /* imageedit_3_9535946231.png */; };
		A1B71E792064F50600AE1BD2 /* PatientAddReportController.swift in Sources */ = {isa = PBXBuildFile; fileRef = A1B71E782064F50600AE1BD2 /* PatientAddReportController.swift */; };
/* End PBXBuildFile section */

/* Begin PBXContainerItemProxy section */
		A1768D822046AECD007A76D6 /* PBXContainerItemProxy */ = {
			isa = PBXContainerItemProxy;
			containerPortal = A1768D622046AECD007A76D6 /* Project object */;
			proxyType = 1;
			remoteGlobalIDString = A1768D692046AECD007A76D6;
			remoteInfo = ParkinsonCare;
		};
		A1768D8D2046AECD007A76D6 /* PBXContainerItemProxy */ = {
			isa = PBXContainerItemProxy;
			containerPortal = A1768D622046AECD007A76D6 /* Project object */;
			proxyType = 1;
			remoteGlobalIDString = A1768D692046AECD007A76D6;
			remoteInfo = ParkinsonCare;
		};
/* End PBXContainerItemProxy section */

/* Begin PBXFileReference section */
		84078C632067E93800394564 /* PatientAddMedicineController.swift */ = {isa = PBXFileReference; lastKnownFileType = sourcecode.swift; path = PatientAddMedicineController.swift; sourceTree = "<group>"; };
		843CA8EB20517B4F00DC7D3C /* roundButton.swift */ = {isa = PBXFileReference; lastKnownFileType = sourcecode.swift; path = roundButton.swift; sourceTree = "<group>"; };
		845FB4D4205ED581009245EC /* DoctorAddMedicineController.swift */ = {isa = PBXFileReference; lastKnownFileType = sourcecode.swift; path = DoctorAddMedicineController.swift; sourceTree = "<group>"; };
		8467A0542067FEED0043F433 /* DoctorAddSettingsController.swift */ = {isa = PBXFileReference; lastKnownFileType = sourcecode.swift; path = DoctorAddSettingsController.swift; sourceTree = "<group>"; };
		84E8F9352060349A00D24419 /* DoctorAddDoctorController.swift */ = {isa = PBXFileReference; lastKnownFileType = sourcecode.swift; path = DoctorAddDoctorController.swift; sourceTree = "<group>"; };
		96051180206A5533001E34B3 /* EvaluationExtension.swift */ = {isa = PBXFileReference; lastKnownFileType = sourcecode.swift; path = EvaluationExtension.swift; sourceTree = "<group>"; };
		960897C220591BC900211064 /* DoctorCollection.swift */ = {isa = PBXFileReference; lastKnownFileType = sourcecode.swift; path = DoctorCollection.swift; sourceTree = "<group>"; };
		960897C420591BCC00211064 /* MedicineCollection.swift */ = {isa = PBXFileReference; lastKnownFileType = sourcecode.swift; path = MedicineCollection.swift; sourceTree = "<group>"; };
		960897C620591BCF00211064 /* MeetingCollection.swift */ = {isa = PBXFileReference; lastKnownFileType = sourcecode.swift; path = MeetingCollection.swift; sourceTree = "<group>"; };
		960897C820591BD400211064 /* NotificationCollection.swift */ = {isa = PBXFileReference; lastKnownFileType = sourcecode.swift; path = NotificationCollection.swift; sourceTree = "<group>"; };
		960897CA20591BD700211064 /* ReportingCollection.swift */ = {isa = PBXFileReference; lastKnownFileType = sourcecode.swift; path = ReportingCollection.swift; sourceTree = "<group>"; };
		960897CC20591C6800211064 /* ActivityCollection.swift */ = {isa = PBXFileReference; fileEncoding = 4; lastKnownFileType = sourcecode.swift; path = ActivityCollection.swift; sourceTree = "<group>"; };
		960897CF20591DA900211064 /* DoctorMedicineController.swift */ = {isa = PBXFileReference; lastKnownFileType = sourcecode.swift; path = DoctorMedicineController.swift; sourceTree = "<group>"; };
		960897D12059312F00211064 /* MedicineTableViewCell.swift */ = {isa = PBXFileReference; lastKnownFileType = sourcecode.swift; path = MedicineTableViewCell.swift; sourceTree = "<group>"; };
		960897D5205936F400211064 /* MedicineExtension.swift */ = {isa = PBXFileReference; lastKnownFileType = sourcecode.swift; path = MedicineExtension.swift; sourceTree = "<group>"; };
		960897DA205AA73500211064 /* CoreDataDAOFactory.swift */ = {isa = PBXFileReference; lastKnownFileType = sourcecode.swift; path = CoreDataDAOFactory.swift; sourceTree = "<group>"; };
		960897DD205AA78C00211064 /* MedicineDAO.swift */ = {isa = PBXFileReference; lastKnownFileType = sourcecode.swift; path = MedicineDAO.swift; sourceTree = "<group>"; };
		960897E0205AA7C600211064 /* CoreDataMedicineDAO.swift */ = {isa = PBXFileReference; lastKnownFileType = sourcecode.swift; path = CoreDataMedicineDAO.swift; sourceTree = "<group>"; };
		960897E3205AB0F300211064 /* PersitenceFacade.swift */ = {isa = PBXFileReference; lastKnownFileType = sourcecode.swift; path = PersitenceFacade.swift; sourceTree = "<group>"; };
		960897E8205AC97200211064 /* CoreDataDoctorDAO.swift */ = {isa = PBXFileReference; lastKnownFileType = sourcecode.swift; path = CoreDataDoctorDAO.swift; sourceTree = "<group>"; };
		960897EA205AC99B00211064 /* CoreDataActivityDAO.swift */ = {isa = PBXFileReference; lastKnownFileType = sourcecode.swift; path = CoreDataActivityDAO.swift; sourceTree = "<group>"; };
		960897EC205AC9AD00211064 /* CoreDataMedicinePrescriptionDAO.swift */ = {isa = PBXFileReference; lastKnownFileType = sourcecode.swift; path = CoreDataMedicinePrescriptionDAO.swift; sourceTree = "<group>"; };
		960897F0205AC9D600211064 /* CoreDataMeetingDAO.swift */ = {isa = PBXFileReference; lastKnownFileType = sourcecode.swift; path = CoreDataMeetingDAO.swift; sourceTree = "<group>"; };
		960897F2205AC9EC00211064 /* CoreDataReportingDAO.swift */ = {isa = PBXFileReference; lastKnownFileType = sourcecode.swift; path = CoreDataReportingDAO.swift; sourceTree = "<group>"; };
		960897F4205ACA4700211064 /* ActivityDAO.swift */ = {isa = PBXFileReference; lastKnownFileType = sourcecode.swift; path = ActivityDAO.swift; sourceTree = "<group>"; };
		960897F6205ACA6600211064 /* DoctorDAO.swift */ = {isa = PBXFileReference; lastKnownFileType = sourcecode.swift; path = DoctorDAO.swift; sourceTree = "<group>"; };
		960897F8205ACA7600211064 /* MeetingDAO.swift */ = {isa = PBXFileReference; lastKnownFileType = sourcecode.swift; path = MeetingDAO.swift; sourceTree = "<group>"; };
		960897FA205ACA8000211064 /* ReportingDAO.swift */ = {isa = PBXFileReference; lastKnownFileType = sourcecode.swift; path = ReportingDAO.swift; sourceTree = "<group>"; };
		960897FE205ACAB800211064 /* MedicinePrescription.swift */ = {isa = PBXFileReference; lastKnownFileType = sourcecode.swift; path = MedicinePrescription.swift; sourceTree = "<group>"; };
		96089800205ACB6A00211064 /* MedicinePrescriptionCollection.swift */ = {isa = PBXFileReference; lastKnownFileType = sourcecode.swift; path = MedicinePrescriptionCollection.swift; sourceTree = "<group>"; };
		96270A3C206115F5001A6BDE /* MedicinePrescriptionExtension.swift */ = {isa = PBXFileReference; lastKnownFileType = sourcecode.swift; path = MedicinePrescriptionExtension.swift; sourceTree = "<group>"; };
		96270A3E20611956001A6BDE /* ActivityExtension.swift */ = {isa = PBXFileReference; lastKnownFileType = sourcecode.swift; path = ActivityExtension.swift; sourceTree = "<group>"; };
		96270A4220611AEF001A6BDE /* ReportingExtension.swift */ = {isa = PBXFileReference; lastKnownFileType = sourcecode.swift; path = ReportingExtension.swift; sourceTree = "<group>"; };
		96270A4420611B76001A6BDE /* MeetingExtension.swift */ = {isa = PBXFileReference; lastKnownFileType = sourcecode.swift; path = MeetingExtension.swift; sourceTree = "<group>"; };
		96270A4620611D02001A6BDE /* EvaluationCollection.swift */ = {isa = PBXFileReference; lastKnownFileType = sourcecode.swift; path = EvaluationCollection.swift; sourceTree = "<group>"; };
		96270A4A206123DA001A6BDE /* EventExtension.swift */ = {isa = PBXFileReference; lastKnownFileType = sourcecode.swift; path = EventExtension.swift; sourceTree = "<group>"; };
		968DD4E62064DDE600C66416 /* AbstractDAOFactory.swift */ = {isa = PBXFileReference; lastKnownFileType = sourcecode.swift; path = AbstractDAOFactory.swift; sourceTree = "<group>"; };
		96B3679D2063D7A8008CBC91 /* DoctorSynthesisController.swift */ = {isa = PBXFileReference; lastKnownFileType = sourcecode.swift; path = DoctorSynthesisController.swift; sourceTree = "<group>"; };
		96B3679F2063D86D008CBC91 /* SynthesisCollection.swift */ = {isa = PBXFileReference; lastKnownFileType = sourcecode.swift; path = SynthesisCollection.swift; sourceTree = "<group>"; };
		96B367A12063D9A6008CBC91 /* SynthesisExtension.swift */ = {isa = PBXFileReference; lastKnownFileType = sourcecode.swift; path = SynthesisExtension.swift; sourceTree = "<group>"; };
		96B367A32063DCE3008CBC91 /* CoreDataSynthesisDAO.swift */ = {isa = PBXFileReference; lastKnownFileType = sourcecode.swift; path = CoreDataSynthesisDAO.swift; sourceTree = "<group>"; };
		96B367A52063DD8A008CBC91 /* SynthesisDAO.swift */ = {isa = PBXFileReference; lastKnownFileType = sourcecode.swift; path = SynthesisDAO.swift; sourceTree = "<group>"; };
		96B367A72063DE8D008CBC91 /* SynthesisTableViewCell.swift */ = {isa = PBXFileReference; lastKnownFileType = sourcecode.swift; path = SynthesisTableViewCell.swift; sourceTree = "<group>"; };
		96B367AB2063E366008CBC91 /* icons8-chevron-right-filled-50.png */ = {isa = PBXFileReference; lastKnownFileType = image.png; path = "icons8-chevron-right-filled-50.png"; sourceTree = "<group>"; };
		96B367AC2063E366008CBC91 /* icons8-medical-doctor-50.png */ = {isa = PBXFileReference; lastKnownFileType = image.png; path = "icons8-medical-doctor-50.png"; sourceTree = "<group>"; };
		96B367AF2063E8F6008CBC91 /* ShowSynthesisController.swift */ = {isa = PBXFileReference; lastKnownFileType = sourcecode.swift; path = ShowSynthesisController.swift; sourceTree = "<group>"; };
		96BFC1042067ED740026723B /* NotificationManager.swift */ = {isa = PBXFileReference; lastKnownFileType = sourcecode.swift; path = NotificationManager.swift; sourceTree = "<group>"; };
		96DF3004205D6E0100FD5B57 /* PatientMeetingController.swift */ = {isa = PBXFileReference; lastKnownFileType = sourcecode.swift; path = PatientMeetingController.swift; sourceTree = "<group>"; };
		96DF3006205D6F1B00FD5B57 /* MeetingTableViewCell.swift */ = {isa = PBXFileReference; lastKnownFileType = sourcecode.swift; path = MeetingTableViewCell.swift; sourceTree = "<group>"; };
		96DF3008205D73E900FD5B57 /* DateExtension.swift */ = {isa = PBXFileReference; lastKnownFileType = sourcecode.swift; path = DateExtension.swift; sourceTree = "<group>"; };
		96DF300A205D756F00FD5B57 /* ReportingTableViewCell.swift */ = {isa = PBXFileReference; lastKnownFileType = sourcecode.swift; path = ReportingTableViewCell.swift; sourceTree = "<group>"; };
		96DF300C205D75C500FD5B57 /* PatientReportingController.swift */ = {isa = PBXFileReference; lastKnownFileType = sourcecode.swift; path = PatientReportingController.swift; sourceTree = "<group>"; };
		96E179932063FC87007ACCD2 /* pills.png */ = {isa = PBXFileReference; lastKnownFileType = image.png; path = pills.png; sourceTree = "<group>"; };
		96EDA73C205D335300ED2AB4 /* ActivityTableViewCell.swift */ = {isa = PBXFileReference; lastKnownFileType = sourcecode.swift; path = ActivityTableViewCell.swift; sourceTree = "<group>"; };
		96EDA740205D3B1C00ED2AB4 /* DoctorController.swift */ = {isa = PBXFileReference; lastKnownFileType = sourcecode.swift; path = DoctorController.swift; sourceTree = "<group>"; };
		96EDA742205D3BA400ED2AB4 /* DoctorTableViewCell.swift */ = {isa = PBXFileReference; lastKnownFileType = sourcecode.swift; path = DoctorTableViewCell.swift; sourceTree = "<group>"; };
		96EDA744205D3C7100ED2AB4 /* DoctorExtension.swift */ = {isa = PBXFileReference; lastKnownFileType = sourcecode.swift; path = DoctorExtension.swift; sourceTree = "<group>"; };
		96EDA746205D55CF00ED2AB4 /* PatientMedicinePrescriptionController.swift */ = {isa = PBXFileReference; lastKnownFileType = sourcecode.swift; path = PatientMedicinePrescriptionController.swift; sourceTree = "<group>"; };
		96EDA748205D58B500ED2AB4 /* MedicinePrescriptionTableViewCell.swift */ = {isa = PBXFileReference; lastKnownFileType = sourcecode.swift; path = MedicinePrescriptionTableViewCell.swift; sourceTree = "<group>"; };
		96EDA74C205D678700ED2AB4 /* ActivityController.swift */ = {isa = PBXFileReference; lastKnownFileType = sourcecode.swift; path = ActivityController.swift; sourceTree = "<group>"; };
		A105FD4A2063EFBB0004A7A8 /* PatientAddMeetingController.swift */ = {isa = PBXFileReference; fileEncoding = 4; lastKnownFileType = sourcecode.swift; path = PatientAddMeetingController.swift; sourceTree = "<group>"; };
		A1768D6A2046AECD007A76D6 /* ParkinsonCare.app */ = {isa = PBXFileReference; explicitFileType = wrapper.application; includeInIndex = 0; path = ParkinsonCare.app; sourceTree = BUILT_PRODUCTS_DIR; };
		A1768D6D2046AECD007A76D6 /* AppDelegate.swift */ = {isa = PBXFileReference; lastKnownFileType = sourcecode.swift; path = AppDelegate.swift; sourceTree = "<group>"; };
		A1768D6F2046AECD007A76D6 /* ViewController.swift */ = {isa = PBXFileReference; lastKnownFileType = sourcecode.swift; path = ViewController.swift; sourceTree = "<group>"; };
		A1768D722046AECD007A76D6 /* Base */ = {isa = PBXFileReference; lastKnownFileType = file.storyboard; name = Base; path = Base.lproj/Main.storyboard; sourceTree = "<group>"; };
		A1768D752046AECD007A76D6 /* ParkinsonCare.xcdatamodel */ = {isa = PBXFileReference; lastKnownFileType = wrapper.xcdatamodel; path = ParkinsonCare.xcdatamodel; sourceTree = "<group>"; };
		A1768D772046AECD007A76D6 /* Assets.xcassets */ = {isa = PBXFileReference; lastKnownFileType = folder.assetcatalog; path = Assets.xcassets; sourceTree = "<group>"; };
		A1768D7A2046AECD007A76D6 /* Base */ = {isa = PBXFileReference; lastKnownFileType = file.storyboard; name = Base; path = Base.lproj/LaunchScreen.storyboard; sourceTree = "<group>"; };
		A1768D7C2046AECD007A76D6 /* Info.plist */ = {isa = PBXFileReference; lastKnownFileType = text.plist.xml; path = Info.plist; sourceTree = "<group>"; };
		A1768D812046AECD007A76D6 /* ParkinsonCareTests.xctest */ = {isa = PBXFileReference; explicitFileType = wrapper.cfbundle; includeInIndex = 0; path = ParkinsonCareTests.xctest; sourceTree = BUILT_PRODUCTS_DIR; };
		A1768D852046AECD007A76D6 /* ParkinsonCareTests.swift */ = {isa = PBXFileReference; lastKnownFileType = sourcecode.swift; path = ParkinsonCareTests.swift; sourceTree = "<group>"; };
		A1768D872046AECD007A76D6 /* Info.plist */ = {isa = PBXFileReference; lastKnownFileType = text.plist.xml; path = Info.plist; sourceTree = "<group>"; };
		A1768D8C2046AECD007A76D6 /* ParkinsonCareUITests.xctest */ = {isa = PBXFileReference; explicitFileType = wrapper.cfbundle; includeInIndex = 0; path = ParkinsonCareUITests.xctest; sourceTree = BUILT_PRODUCTS_DIR; };
		A1768D902046AECD007A76D6 /* ParkinsonCareUITests.swift */ = {isa = PBXFileReference; lastKnownFileType = sourcecode.swift; path = ParkinsonCareUITests.swift; sourceTree = "<group>"; };
		A1768D922046AECD007A76D6 /* Info.plist */ = {isa = PBXFileReference; lastKnownFileType = text.plist.xml; path = Info.plist; sourceTree = "<group>"; };
		A183CD232062C8A10033698E /* AddActivityController.swift */ = {isa = PBXFileReference; fileEncoding = 4; lastKnownFileType = sourcecode.swift; path = AddActivityController.swift; sourceTree = "<group>"; };
		A188E1AA206A64DF00E787C0 /* imageedit_3_9535946231.png */ = {isa = PBXFileReference; lastKnownFileType = image.png; path = imageedit_3_9535946231.png; sourceTree = "<group>"; };
		A1B71E782064F50600AE1BD2 /* PatientAddReportController.swift */ = {isa = PBXFileReference; fileEncoding = 4; lastKnownFileType = sourcecode.swift; path = PatientAddReportController.swift; sourceTree = "<group>"; };
/* End PBXFileReference section */

/* Begin PBXFrameworksBuildPhase section */
		A1768D672046AECD007A76D6 /* Frameworks */ = {
			isa = PBXFrameworksBuildPhase;
			buildActionMask = 2147483647;
			files = (
			);
			runOnlyForDeploymentPostprocessing = 0;
		};
		A1768D7E2046AECD007A76D6 /* Frameworks */ = {
			isa = PBXFrameworksBuildPhase;
			buildActionMask = 2147483647;
			files = (
			);
			runOnlyForDeploymentPostprocessing = 0;
		};
		A1768D892046AECD007A76D6 /* Frameworks */ = {
			isa = PBXFrameworksBuildPhase;
			buildActionMask = 2147483647;
			files = (
			);
			runOnlyForDeploymentPostprocessing = 0;
		};
/* End PBXFrameworksBuildPhase section */

/* Begin PBXGroup section */
		843CA8ED205182B900DC7D3C /* Components */ = {
			isa = PBXGroup;
			children = (
				843CA8EB20517B4F00DC7D3C /* roundButton.swift */,
			);
			path = Components;
			sourceTree = "<group>";
		};
		960897BC20591B4500211064 /* Factories */ = {
			isa = PBXGroup;
			children = (
				960897DA205AA73500211064 /* CoreDataDAOFactory.swift */,
				968DD4E62064DDE600C66416 /* AbstractDAOFactory.swift */,
			);
			name = Factories;
			path = "New Group";
			sourceTree = "<group>";
		};
		960897BF20591BB800211064 /* Collections */ = {
			isa = PBXGroup;
			children = (
				960897C820591BD400211064 /* NotificationCollection.swift */,
				960897CA20591BD700211064 /* ReportingCollection.swift */,
				960897CC20591C6800211064 /* ActivityCollection.swift */,
				960897C220591BC900211064 /* DoctorCollection.swift */,
				960897C620591BCF00211064 /* MeetingCollection.swift */,
				960897C420591BCC00211064 /* MedicineCollection.swift */,
				96089800205ACB6A00211064 /* MedicinePrescriptionCollection.swift */,
				96270A4620611D02001A6BDE /* EvaluationCollection.swift */,
				96B3679F2063D86D008CBC91 /* SynthesisCollection.swift */,
			);
			path = Collections;
			sourceTree = "<group>";
		};
		960897CE20591D8D00211064 /* Controllers */ = {
			isa = PBXGroup;
			children = (
				960897CF20591DA900211064 /* DoctorMedicineController.swift */,
				96EDA740205D3B1C00ED2AB4 /* DoctorController.swift */,
				96EDA746205D55CF00ED2AB4 /* PatientMedicinePrescriptionController.swift */,
				96EDA74C205D678700ED2AB4 /* ActivityController.swift */,
				96DF3004205D6E0100FD5B57 /* PatientMeetingController.swift */,
				96DF300C205D75C500FD5B57 /* PatientReportingController.swift */,
				845FB4D4205ED581009245EC /* DoctorAddMedicineController.swift */,
				84E8F9352060349A00D24419 /* DoctorAddDoctorController.swift */,
				A183CD232062C8A10033698E /* AddActivityController.swift */,
				96B3679D2063D7A8008CBC91 /* DoctorSynthesisController.swift */,
				96B367AF2063E8F6008CBC91 /* ShowSynthesisController.swift */,
				A105FD4A2063EFBB0004A7A8 /* PatientAddMeetingController.swift */,
				A1B71E782064F50600AE1BD2 /* PatientAddReportController.swift */,
				84078C632067E93800394564 /* PatientAddMedicineController.swift */,
				8467A0542067FEED0043F433 /* DoctorAddSettingsController.swift */,
			);
			path = Controllers;
			sourceTree = "<group>";
		};
		960897D32059313500211064 /* Cells */ = {
			isa = PBXGroup;
			children = (
				960897D12059312F00211064 /* MedicineTableViewCell.swift */,
				96EDA73C205D335300ED2AB4 /* ActivityTableViewCell.swift */,
				96EDA742205D3BA400ED2AB4 /* DoctorTableViewCell.swift */,
				96EDA748205D58B500ED2AB4 /* MedicinePrescriptionTableViewCell.swift */,
				96DF3006205D6F1B00FD5B57 /* MeetingTableViewCell.swift */,
				96DF300A205D756F00FD5B57 /* ReportingTableViewCell.swift */,
				96B367A72063DE8D008CBC91 /* SynthesisTableViewCell.swift */,
			);
			path = Cells;
			sourceTree = "<group>";
		};
		960897D4205936D700211064 /* Extensions */ = {
			isa = PBXGroup;
			children = (
				960897D5205936F400211064 /* MedicineExtension.swift */,
				96EDA744205D3C7100ED2AB4 /* DoctorExtension.swift */,
				96DF3008205D73E900FD5B57 /* DateExtension.swift */,
				96270A3C206115F5001A6BDE /* MedicinePrescriptionExtension.swift */,
				96270A3E20611956001A6BDE /* ActivityExtension.swift */,
				96270A4220611AEF001A6BDE /* ReportingExtension.swift */,
				96270A4420611B76001A6BDE /* MeetingExtension.swift */,
				96270A4A206123DA001A6BDE /* EventExtension.swift */,
				96B367A12063D9A6008CBC91 /* SynthesisExtension.swift */,
				96051180206A5533001E34B3 /* EvaluationExtension.swift */,
			);
			path = Extensions;
			sourceTree = "<group>";
		};
		960897D72059405C00211064 /* Images */ = {
			isa = PBXGroup;
			children = (
				A188E1AA206A64DF00E787C0 /* imageedit_3_9535946231.png */,
				96E179932063FC87007ACCD2 /* pills.png */,
				96B367AB2063E366008CBC91 /* icons8-chevron-right-filled-50.png */,
				96B367AC2063E366008CBC91 /* icons8-medical-doctor-50.png */,
			);
			path = Images;
			sourceTree = "<group>";
		};
		960897DC205AA77B00211064 /* DAO */ = {
			isa = PBXGroup;
			children = (
				960897E5205AC7E100211064 /* Protocols */,
				960897DF205AA7B200211064 /* CoreDataDAO */,
			);
			path = DAO;
			sourceTree = "<group>";
		};
		960897DF205AA7B200211064 /* CoreDataDAO */ = {
			isa = PBXGroup;
			children = (
				960897E0205AA7C600211064 /* CoreDataMedicineDAO.swift */,
				960897E8205AC97200211064 /* CoreDataDoctorDAO.swift */,
				960897EA205AC99B00211064 /* CoreDataActivityDAO.swift */,
				960897EC205AC9AD00211064 /* CoreDataMedicinePrescriptionDAO.swift */,
				960897F0205AC9D600211064 /* CoreDataMeetingDAO.swift */,
				960897F2205AC9EC00211064 /* CoreDataReportingDAO.swift */,
				96B367A32063DCE3008CBC91 /* CoreDataSynthesisDAO.swift */,
			);
			path = CoreDataDAO;
			sourceTree = "<group>";
		};
		960897E2205AB0D800211064 /* Facades */ = {
			isa = PBXGroup;
			children = (
				960897E3205AB0F300211064 /* PersitenceFacade.swift */,
			);
			path = Facades;
			sourceTree = "<group>";
		};
		960897E5205AC7E100211064 /* Protocols */ = {
			isa = PBXGroup;
			children = (
				960897DD205AA78C00211064 /* MedicineDAO.swift */,
				960897F4205ACA4700211064 /* ActivityDAO.swift */,
				960897F6205ACA6600211064 /* DoctorDAO.swift */,
				960897F8205ACA7600211064 /* MeetingDAO.swift */,
				960897FA205ACA8000211064 /* ReportingDAO.swift */,
				960897FE205ACAB800211064 /* MedicinePrescription.swift */,
				96B367A52063DD8A008CBC91 /* SynthesisDAO.swift */,
			);
			path = Protocols;
			sourceTree = "<group>";
		};
		A1768D612046AECD007A76D6 = {
			isa = PBXGroup;
			children = (
				A1768D6C2046AECD007A76D6 /* ParkinsonCare */,
				A1768D842046AECD007A76D6 /* ParkinsonCareTests */,
				A1768D8F2046AECD007A76D6 /* ParkinsonCareUITests */,
				A1768D6B2046AECD007A76D6 /* Products */,
			);
			sourceTree = "<group>";
		};
		A1768D6B2046AECD007A76D6 /* Products */ = {
			isa = PBXGroup;
			children = (
				A1768D6A2046AECD007A76D6 /* ParkinsonCare.app */,
				A1768D812046AECD007A76D6 /* ParkinsonCareTests.xctest */,
				A1768D8C2046AECD007A76D6 /* ParkinsonCareUITests.xctest */,
			);
			name = Products;
			sourceTree = "<group>";
		};
		A1768D6C2046AECD007A76D6 /* ParkinsonCare */ = {
			isa = PBXGroup;
			children = (
				960897E2205AB0D800211064 /* Facades */,
				960897DC205AA77B00211064 /* DAO */,
				960897D72059405C00211064 /* Images */,
				960897D4205936D700211064 /* Extensions */,
				960897D32059313500211064 /* Cells */,
				960897CE20591D8D00211064 /* Controllers */,
				960897BF20591BB800211064 /* Collections */,
				960897BC20591B4500211064 /* Factories */,
				843CA8ED205182B900DC7D3C /* Components */,
				A1768D6D2046AECD007A76D6 /* AppDelegate.swift */,
				A1768D6F2046AECD007A76D6 /* ViewController.swift */,
				A1768D712046AECD007A76D6 /* Main.storyboard */,
				A1768D772046AECD007A76D6 /* Assets.xcassets */,
				A1768D792046AECD007A76D6 /* LaunchScreen.storyboard */,
				A1768D7C2046AECD007A76D6 /* Info.plist */,
				A1768D742046AECD007A76D6 /* ParkinsonCare.xcdatamodeld */,
				96BFC1042067ED740026723B /* NotificationManager.swift */,
			);
			path = ParkinsonCare;
			sourceTree = "<group>";
		};
		A1768D842046AECD007A76D6 /* ParkinsonCareTests */ = {
			isa = PBXGroup;
			children = (
				A1768D852046AECD007A76D6 /* ParkinsonCareTests.swift */,
				A1768D872046AECD007A76D6 /* Info.plist */,
			);
			path = ParkinsonCareTests;
			sourceTree = "<group>";
		};
		A1768D8F2046AECD007A76D6 /* ParkinsonCareUITests */ = {
			isa = PBXGroup;
			children = (
				A1768D902046AECD007A76D6 /* ParkinsonCareUITests.swift */,
				A1768D922046AECD007A76D6 /* Info.plist */,
			);
			path = ParkinsonCareUITests;
			sourceTree = "<group>";
		};
/* End PBXGroup section */

/* Begin PBXNativeTarget section */
		A1768D692046AECD007A76D6 /* ParkinsonCare */ = {
			isa = PBXNativeTarget;
			buildConfigurationList = A1768D952046AECD007A76D6 /* Build configuration list for PBXNativeTarget "ParkinsonCare" */;
			buildPhases = (
				A1768D662046AECD007A76D6 /* Sources */,
				A1768D672046AECD007A76D6 /* Frameworks */,
				A1768D682046AECD007A76D6 /* Resources */,
			);
			buildRules = (
			);
			dependencies = (
			);
			name = ParkinsonCare;
			productName = ParkinsonCare;
			productReference = A1768D6A2046AECD007A76D6 /* ParkinsonCare.app */;
			productType = "com.apple.product-type.application";
		};
		A1768D802046AECD007A76D6 /* ParkinsonCareTests */ = {
			isa = PBXNativeTarget;
			buildConfigurationList = A1768D982046AECD007A76D6 /* Build configuration list for PBXNativeTarget "ParkinsonCareTests" */;
			buildPhases = (
				A1768D7D2046AECD007A76D6 /* Sources */,
				A1768D7E2046AECD007A76D6 /* Frameworks */,
				A1768D7F2046AECD007A76D6 /* Resources */,
			);
			buildRules = (
			);
			dependencies = (
				A1768D832046AECD007A76D6 /* PBXTargetDependency */,
			);
			name = ParkinsonCareTests;
			productName = ParkinsonCareTests;
			productReference = A1768D812046AECD007A76D6 /* ParkinsonCareTests.xctest */;
			productType = "com.apple.product-type.bundle.unit-test";
		};
		A1768D8B2046AECD007A76D6 /* ParkinsonCareUITests */ = {
			isa = PBXNativeTarget;
			buildConfigurationList = A1768D9B2046AECD007A76D6 /* Build configuration list for PBXNativeTarget "ParkinsonCareUITests" */;
			buildPhases = (
				A1768D882046AECD007A76D6 /* Sources */,
				A1768D892046AECD007A76D6 /* Frameworks */,
				A1768D8A2046AECD007A76D6 /* Resources */,
			);
			buildRules = (
			);
			dependencies = (
				A1768D8E2046AECD007A76D6 /* PBXTargetDependency */,
			);
			name = ParkinsonCareUITests;
			productName = ParkinsonCareUITests;
			productReference = A1768D8C2046AECD007A76D6 /* ParkinsonCareUITests.xctest */;
			productType = "com.apple.product-type.bundle.ui-testing";
		};
/* End PBXNativeTarget section */

/* Begin PBXProject section */
		A1768D622046AECD007A76D6 /* Project object */ = {
			isa = PBXProject;
			attributes = {
				KnownAssetTags = (
					"#1",
				);
				LastSwiftUpdateCheck = 0830;
				LastUpgradeCheck = 0920;
				ORGANIZATIONNAME = "San-Wei LEE";
				TargetAttributes = {
					A1768D692046AECD007A76D6 = {
						CreatedOnToolsVersion = 8.3.3;
						DevelopmentTeam = 32JN4DKEWS;
						LastSwiftMigration = 0920;
						ProvisioningStyle = Automatic;
					};
					A1768D802046AECD007A76D6 = {
						CreatedOnToolsVersion = 8.3.3;
						LastSwiftMigration = 0920;
						ProvisioningStyle = Automatic;
						TestTargetID = A1768D692046AECD007A76D6;
					};
					A1768D8B2046AECD007A76D6 = {
						CreatedOnToolsVersion = 8.3.3;
						LastSwiftMigration = 0920;
						ProvisioningStyle = Automatic;
						TestTargetID = A1768D692046AECD007A76D6;
					};
				};
			};
			buildConfigurationList = A1768D652046AECD007A76D6 /* Build configuration list for PBXProject "ParkinsonCare" */;
			compatibilityVersion = "Xcode 3.2";
			developmentRegion = English;
			hasScannedForEncodings = 0;
			knownRegions = (
				en,
				Base,
			);
			mainGroup = A1768D612046AECD007A76D6;
			productRefGroup = A1768D6B2046AECD007A76D6 /* Products */;
			projectDirPath = "";
			projectRoot = "";
			targets = (
				A1768D692046AECD007A76D6 /* ParkinsonCare */,
				A1768D802046AECD007A76D6 /* ParkinsonCareTests */,
				A1768D8B2046AECD007A76D6 /* ParkinsonCareUITests */,
			);
		};
/* End PBXProject section */

/* Begin PBXResourcesBuildPhase section */
		A1768D682046AECD007A76D6 /* Resources */ = {
			isa = PBXResourcesBuildPhase;
			buildActionMask = 2147483647;
			files = (
				A1768D7B2046AECD007A76D6 /* LaunchScreen.storyboard in Resources */,
				96B367AD2063E366008CBC91 /* icons8-chevron-right-filled-50.png in Resources */,
				96E179942063FC87007ACCD2 /* pills.png in Resources */,
				A1768D782046AECD007A76D6 /* Assets.xcassets in Resources */,
				96B367AE2063E366008CBC91 /* icons8-medical-doctor-50.png in Resources */,
				A1768D732046AECD007A76D6 /* Main.storyboard in Resources */,
				A188E1AB206A64DF00E787C0 /* imageedit_3_9535946231.png in Resources */,
			);
			runOnlyForDeploymentPostprocessing = 0;
		};
		A1768D7F2046AECD007A76D6 /* Resources */ = {
			isa = PBXResourcesBuildPhase;
			buildActionMask = 2147483647;
			files = (
			);
			runOnlyForDeploymentPostprocessing = 0;
		};
		A1768D8A2046AECD007A76D6 /* Resources */ = {
			isa = PBXResourcesBuildPhase;
			buildActionMask = 2147483647;
			files = (
			);
			runOnlyForDeploymentPostprocessing = 0;
		};
/* End PBXResourcesBuildPhase section */

/* Begin PBXSourcesBuildPhase section */
		A1768D662046AECD007A76D6 /* Sources */ = {
			isa = PBXSourcesBuildPhase;
			buildActionMask = 2147483647;
			files = (
				843CA8EC20517B4F00DC7D3C /* roundButton.swift in Sources */,
				960897C320591BC900211064 /* DoctorCollection.swift in Sources */,
				96270A4320611AEF001A6BDE /* ReportingExtension.swift in Sources */,
				A1768D702046AECD007A76D6 /* ViewController.swift in Sources */,
				960897C920591BD400211064 /* NotificationCollection.swift in Sources */,
				96270A3F20611956001A6BDE /* ActivityExtension.swift in Sources */,
				96B3679E2063D7A8008CBC91 /* DoctorSynthesisController.swift in Sources */,
				96EDA741205D3B1C00ED2AB4 /* DoctorController.swift in Sources */,
				96270A4B206123DA001A6BDE /* EventExtension.swift in Sources */,
				96051181206A5533001E34B3 /* EvaluationExtension.swift in Sources */,
				A183CD242062C8A10033698E /* AddActivityController.swift in Sources */,
				96B367A62063DD8A008CBC91 /* SynthesisDAO.swift in Sources */,
				96EDA749205D58B500ED2AB4 /* MedicinePrescriptionTableViewCell.swift in Sources */,
				84078C642067E93900394564 /* PatientAddMedicineController.swift in Sources */,
				960897EB205AC99B00211064 /* CoreDataActivityDAO.swift in Sources */,
				960897F5205ACA4700211064 /* ActivityDAO.swift in Sources */,
				96EDA74D205D678700ED2AB4 /* ActivityController.swift in Sources */,
				960897F1205AC9D600211064 /* CoreDataMeetingDAO.swift in Sources */,
				96B367A82063DE8D008CBC91 /* SynthesisTableViewCell.swift in Sources */,
				96B367A42063DCE3008CBC91 /* CoreDataSynthesisDAO.swift in Sources */,
				960897D020591DA900211064 /* DoctorMedicineController.swift in Sources */,
				96270A4520611B76001A6BDE /* MeetingExtension.swift in Sources */,
				968DD4E72064DDE600C66416 /* AbstractDAOFactory.swift in Sources */,
				960897D6205936F400211064 /* MedicineExtension.swift in Sources */,
				960897E1205AA7C600211064 /* CoreDataMedicineDAO.swift in Sources */,
				960897CD20591C6800211064 /* ActivityCollection.swift in Sources */,
				96270A3D206115F5001A6BDE /* MedicinePrescriptionExtension.swift in Sources */,
				96DF3005205D6E0100FD5B57 /* PatientMeetingController.swift in Sources */,
				960897C520591BCC00211064 /* MedicineCollection.swift in Sources */,
				960897CB20591BD700211064 /* ReportingCollection.swift in Sources */,
				960897E4205AB0F300211064 /* PersitenceFacade.swift in Sources */,
				96DF300D205D75C500FD5B57 /* PatientReportingController.swift in Sources */,
				96DF300B205D756F00FD5B57 /* ReportingTableViewCell.swift in Sources */,
				960897F9205ACA7600211064 /* MeetingDAO.swift in Sources */,
				96EDA745205D3C7100ED2AB4 /* DoctorExtension.swift in Sources */,
				96EDA743205D3BA400ED2AB4 /* DoctorTableViewCell.swift in Sources */,
				A1768D762046AECD007A76D6 /* ParkinsonCare.xcdatamodeld in Sources */,
				96089801205ACB6A00211064 /* MedicinePrescriptionCollection.swift in Sources */,
				96270A4720611D02001A6BDE /* EvaluationCollection.swift in Sources */,
				960897ED205AC9AD00211064 /* CoreDataMedicinePrescriptionDAO.swift in Sources */,
				96BFC1052067ED740026723B /* NotificationManager.swift in Sources */,
				96DF3007205D6F1B00FD5B57 /* MeetingTableViewCell.swift in Sources */,
				96B367A22063D9A6008CBC91 /* SynthesisExtension.swift in Sources */,
				960897FB205ACA8000211064 /* ReportingDAO.swift in Sources */,
				96B367B02063E8F6008CBC91 /* ShowSynthesisController.swift in Sources */,
				96DF3009205D73E900FD5B57 /* DateExtension.swift in Sources */,
				84E8F9362060349A00D24419 /* DoctorAddDoctorController.swift in Sources */,
				8467A0552067FEED0043F433 /* DoctorAddSettingsController.swift in Sources */,
				A1768D6E2046AECD007A76D6 /* AppDelegate.swift in Sources */,
				96B367A02063D86D008CBC91 /* SynthesisCollection.swift in Sources */,
				960897C720591BCF00211064 /* MeetingCollection.swift in Sources */,
				960897E9205AC97200211064 /* CoreDataDoctorDAO.swift in Sources */,
				A105FD4B2063EFBB0004A7A8 /* PatientAddMeetingController.swift in Sources */,
				960897DB205AA73500211064 /* CoreDataDAOFactory.swift in Sources */,
				845FB4D5205ED581009245EC /* DoctorAddMedicineController.swift in Sources */,
				960897FF205ACAB800211064 /* MedicinePrescription.swift in Sources */,
				96EDA747205D55CF00ED2AB4 /* PatientMedicinePrescriptionController.swift in Sources */,
				960897DE205AA78C00211064 /* MedicineDAO.swift in Sources */,
				A1B71E792064F50600AE1BD2 /* PatientAddReportController.swift in Sources */,
				960897F7205ACA6600211064 /* DoctorDAO.swift in Sources */,
				96EDA73D205D335300ED2AB4 /* ActivityTableViewCell.swift in Sources */,
				960897F3205AC9EC00211064 /* CoreDataReportingDAO.swift in Sources */,
				960897D22059312F00211064 /* MedicineTableViewCell.swift in Sources */,
			);
			runOnlyForDeploymentPostprocessing = 0;
		};
		A1768D7D2046AECD007A76D6 /* Sources */ = {
			isa = PBXSourcesBuildPhase;
			buildActionMask = 2147483647;
			files = (
				A1768D862046AECD007A76D6 /* ParkinsonCareTests.swift in Sources */,
			);
			runOnlyForDeploymentPostprocessing = 0;
		};
		A1768D882046AECD007A76D6 /* Sources */ = {
			isa = PBXSourcesBuildPhase;
			buildActionMask = 2147483647;
			files = (
				A1768D912046AECD007A76D6 /* ParkinsonCareUITests.swift in Sources */,
			);
			runOnlyForDeploymentPostprocessing = 0;
		};
/* End PBXSourcesBuildPhase section */

/* Begin PBXTargetDependency section */
		A1768D832046AECD007A76D6 /* PBXTargetDependency */ = {
			isa = PBXTargetDependency;
			target = A1768D692046AECD007A76D6 /* ParkinsonCare */;
			targetProxy = A1768D822046AECD007A76D6 /* PBXContainerItemProxy */;
		};
		A1768D8E2046AECD007A76D6 /* PBXTargetDependency */ = {
			isa = PBXTargetDependency;
			target = A1768D692046AECD007A76D6 /* ParkinsonCare */;
			targetProxy = A1768D8D2046AECD007A76D6 /* PBXContainerItemProxy */;
		};
/* End PBXTargetDependency section */

/* Begin PBXVariantGroup section */
		A1768D712046AECD007A76D6 /* Main.storyboard */ = {
			isa = PBXVariantGroup;
			children = (
				A1768D722046AECD007A76D6 /* Base */,
			);
			name = Main.storyboard;
			sourceTree = "<group>";
		};
		A1768D792046AECD007A76D6 /* LaunchScreen.storyboard */ = {
			isa = PBXVariantGroup;
			children = (
				A1768D7A2046AECD007A76D6 /* Base */,
			);
			name = LaunchScreen.storyboard;
			sourceTree = "<group>";
		};
/* End PBXVariantGroup section */

/* Begin XCBuildConfiguration section */
		A1768D932046AECD007A76D6 /* Debug */ = {
			isa = XCBuildConfiguration;
			buildSettings = {
				ALWAYS_SEARCH_USER_PATHS = NO;
				CLANG_ANALYZER_NONNULL = YES;
				CLANG_ANALYZER_NUMBER_OBJECT_CONVERSION = YES_AGGRESSIVE;
				CLANG_CXX_LANGUAGE_STANDARD = "gnu++0x";
				CLANG_CXX_LIBRARY = "libc++";
				CLANG_ENABLE_MODULES = YES;
				CLANG_ENABLE_OBJC_ARC = YES;
				CLANG_WARN_BLOCK_CAPTURE_AUTORELEASING = YES;
				CLANG_WARN_BOOL_CONVERSION = YES;
				CLANG_WARN_COMMA = YES;
				CLANG_WARN_CONSTANT_CONVERSION = YES;
				CLANG_WARN_DIRECT_OBJC_ISA_USAGE = YES_ERROR;
				CLANG_WARN_DOCUMENTATION_COMMENTS = YES;
				CLANG_WARN_EMPTY_BODY = YES;
				CLANG_WARN_ENUM_CONVERSION = YES;
				CLANG_WARN_INFINITE_RECURSION = YES;
				CLANG_WARN_INT_CONVERSION = YES;
				CLANG_WARN_NON_LITERAL_NULL_CONVERSION = YES;
				CLANG_WARN_OBJC_LITERAL_CONVERSION = YES;
				CLANG_WARN_OBJC_ROOT_CLASS = YES_ERROR;
				CLANG_WARN_RANGE_LOOP_ANALYSIS = YES;
				CLANG_WARN_STRICT_PROTOTYPES = YES;
				CLANG_WARN_SUSPICIOUS_MOVE = YES;
				CLANG_WARN_UNREACHABLE_CODE = YES;
				CLANG_WARN__DUPLICATE_METHOD_MATCH = YES;
				"CODE_SIGN_IDENTITY[sdk=iphoneos*]" = "iPhone Developer";
				COPY_PHASE_STRIP = NO;
				DEBUG_INFORMATION_FORMAT = dwarf;
				ENABLE_STRICT_OBJC_MSGSEND = YES;
				ENABLE_TESTABILITY = YES;
				GCC_C_LANGUAGE_STANDARD = gnu99;
				GCC_DYNAMIC_NO_PIC = NO;
				GCC_NO_COMMON_BLOCKS = YES;
				GCC_OPTIMIZATION_LEVEL = 0;
				GCC_PREPROCESSOR_DEFINITIONS = (
					"DEBUG=1",
					"$(inherited)",
				);
				GCC_WARN_64_TO_32_BIT_CONVERSION = YES;
				GCC_WARN_ABOUT_RETURN_TYPE = YES_ERROR;
				GCC_WARN_UNDECLARED_SELECTOR = YES;
				GCC_WARN_UNINITIALIZED_AUTOS = YES_AGGRESSIVE;
				GCC_WARN_UNUSED_FUNCTION = YES;
				GCC_WARN_UNUSED_VARIABLE = YES;
				IPHONEOS_DEPLOYMENT_TARGET = 10.3;
				MTL_ENABLE_DEBUG_INFO = YES;
				ONLY_ACTIVE_ARCH = YES;
				SDKROOT = iphoneos;
				SWIFT_ACTIVE_COMPILATION_CONDITIONS = DEBUG;
				SWIFT_OPTIMIZATION_LEVEL = "-Onone";
				TARGETED_DEVICE_FAMILY = "1,2";
			};
			name = Debug;
		};
		A1768D942046AECD007A76D6 /* Release */ = {
			isa = XCBuildConfiguration;
			buildSettings = {
				ALWAYS_SEARCH_USER_PATHS = NO;
				CLANG_ANALYZER_NONNULL = YES;
				CLANG_ANALYZER_NUMBER_OBJECT_CONVERSION = YES_AGGRESSIVE;
				CLANG_CXX_LANGUAGE_STANDARD = "gnu++0x";
				CLANG_CXX_LIBRARY = "libc++";
				CLANG_ENABLE_MODULES = YES;
				CLANG_ENABLE_OBJC_ARC = YES;
				CLANG_WARN_BLOCK_CAPTURE_AUTORELEASING = YES;
				CLANG_WARN_BOOL_CONVERSION = YES;
				CLANG_WARN_COMMA = YES;
				CLANG_WARN_CONSTANT_CONVERSION = YES;
				CLANG_WARN_DIRECT_OBJC_ISA_USAGE = YES_ERROR;
				CLANG_WARN_DOCUMENTATION_COMMENTS = YES;
				CLANG_WARN_EMPTY_BODY = YES;
				CLANG_WARN_ENUM_CONVERSION = YES;
				CLANG_WARN_INFINITE_RECURSION = YES;
				CLANG_WARN_INT_CONVERSION = YES;
				CLANG_WARN_NON_LITERAL_NULL_CONVERSION = YES;
				CLANG_WARN_OBJC_LITERAL_CONVERSION = YES;
				CLANG_WARN_OBJC_ROOT_CLASS = YES_ERROR;
				CLANG_WARN_RANGE_LOOP_ANALYSIS = YES;
				CLANG_WARN_STRICT_PROTOTYPES = YES;
				CLANG_WARN_SUSPICIOUS_MOVE = YES;
				CLANG_WARN_UNREACHABLE_CODE = YES;
				CLANG_WARN__DUPLICATE_METHOD_MATCH = YES;
				"CODE_SIGN_IDENTITY[sdk=iphoneos*]" = "iPhone Developer";
				COPY_PHASE_STRIP = NO;
				DEBUG_INFORMATION_FORMAT = "dwarf-with-dsym";
				ENABLE_NS_ASSERTIONS = NO;
				ENABLE_STRICT_OBJC_MSGSEND = YES;
				GCC_C_LANGUAGE_STANDARD = gnu99;
				GCC_NO_COMMON_BLOCKS = YES;
				GCC_WARN_64_TO_32_BIT_CONVERSION = YES;
				GCC_WARN_ABOUT_RETURN_TYPE = YES_ERROR;
				GCC_WARN_UNDECLARED_SELECTOR = YES;
				GCC_WARN_UNINITIALIZED_AUTOS = YES_AGGRESSIVE;
				GCC_WARN_UNUSED_FUNCTION = YES;
				GCC_WARN_UNUSED_VARIABLE = YES;
				IPHONEOS_DEPLOYMENT_TARGET = 10.3;
				MTL_ENABLE_DEBUG_INFO = NO;
				SDKROOT = iphoneos;
				SWIFT_OPTIMIZATION_LEVEL = "-Owholemodule";
				TARGETED_DEVICE_FAMILY = "1,2";
				VALIDATE_PRODUCT = YES;
			};
			name = Release;
		};
		A1768D962046AECD007A76D6 /* Debug */ = {
			isa = XCBuildConfiguration;
			buildSettings = {
				ASSETCATALOG_COMPILER_APPICON_NAME = AppIcon;
				DEVELOPMENT_TEAM = 32JN4DKEWS;
				INFOPLIST_FILE = ParkinsonCare/Info.plist;
				IPHONEOS_DEPLOYMENT_TARGET = 10.3;
				LD_RUNPATH_SEARCH_PATHS = "$(inherited) @executable_path/Frameworks";
				PRODUCT_BUNDLE_IDENTIFIER = LEECOMBEST.ParkinsonCare;
				PRODUCT_NAME = "$(TARGET_NAME)";
				SWIFT_SWIFT3_OBJC_INFERENCE = On;
				SWIFT_VERSION = 3.0;
			};
			name = Debug;
		};
		A1768D972046AECD007A76D6 /* Release */ = {
			isa = XCBuildConfiguration;
			buildSettings = {
				ASSETCATALOG_COMPILER_APPICON_NAME = AppIcon;
				DEVELOPMENT_TEAM = 32JN4DKEWS;
				INFOPLIST_FILE = ParkinsonCare/Info.plist;
				IPHONEOS_DEPLOYMENT_TARGET = 10.3;
				LD_RUNPATH_SEARCH_PATHS = "$(inherited) @executable_path/Frameworks";
				PRODUCT_BUNDLE_IDENTIFIER = LEECOMBEST.ParkinsonCare;
				PRODUCT_NAME = "$(TARGET_NAME)";
				SWIFT_SWIFT3_OBJC_INFERENCE = On;
				SWIFT_VERSION = 3.0;
			};
			name = Release;
		};
		A1768D992046AECD007A76D6 /* Debug */ = {
			isa = XCBuildConfiguration;
			buildSettings = {
				ALWAYS_EMBED_SWIFT_STANDARD_LIBRARIES = YES;
				BUNDLE_LOADER = "$(TEST_HOST)";
				INFOPLIST_FILE = ParkinsonCareTests/Info.plist;
				LD_RUNPATH_SEARCH_PATHS = "$(inherited) @executable_path/Frameworks @loader_path/Frameworks";
				PRODUCT_BUNDLE_IDENTIFIER = LEECOMBEST.ParkinsonCareTests;
				PRODUCT_NAME = "$(TARGET_NAME)";
				SWIFT_SWIFT3_OBJC_INFERENCE = On;
				SWIFT_VERSION = 4.0;
				TEST_HOST = "$(BUILT_PRODUCTS_DIR)/ParkinsonCare.app/ParkinsonCare";
			};
			name = Debug;
		};
		A1768D9A2046AECD007A76D6 /* Release */ = {
			isa = XCBuildConfiguration;
			buildSettings = {
				ALWAYS_EMBED_SWIFT_STANDARD_LIBRARIES = YES;
				BUNDLE_LOADER = "$(TEST_HOST)";
				INFOPLIST_FILE = ParkinsonCareTests/Info.plist;
				LD_RUNPATH_SEARCH_PATHS = "$(inherited) @executable_path/Frameworks @loader_path/Frameworks";
				PRODUCT_BUNDLE_IDENTIFIER = LEECOMBEST.ParkinsonCareTests;
				PRODUCT_NAME = "$(TARGET_NAME)";
				SWIFT_SWIFT3_OBJC_INFERENCE = On;
				SWIFT_VERSION = 4.0;
				TEST_HOST = "$(BUILT_PRODUCTS_DIR)/ParkinsonCare.app/ParkinsonCare";
			};
			name = Release;
		};
		A1768D9C2046AECD007A76D6 /* Debug */ = {
			isa = XCBuildConfiguration;
			buildSettings = {
				ALWAYS_EMBED_SWIFT_STANDARD_LIBRARIES = YES;
				INFOPLIST_FILE = ParkinsonCareUITests/Info.plist;
				LD_RUNPATH_SEARCH_PATHS = "$(inherited) @executable_path/Frameworks @loader_path/Frameworks";
				PRODUCT_BUNDLE_IDENTIFIER = LEECOMBEST.ParkinsonCareUITests;
				PRODUCT_NAME = "$(TARGET_NAME)";
				SWIFT_SWIFT3_OBJC_INFERENCE = On;
				SWIFT_VERSION = 4.0;
				TEST_TARGET_NAME = ParkinsonCare;
			};
			name = Debug;
		};
		A1768D9D2046AECD007A76D6 /* Release */ = {
			isa = XCBuildConfiguration;
			buildSettings = {
				ALWAYS_EMBED_SWIFT_STANDARD_LIBRARIES = YES;
				INFOPLIST_FILE = ParkinsonCareUITests/Info.plist;
				LD_RUNPATH_SEARCH_PATHS = "$(inherited) @executable_path/Frameworks @loader_path/Frameworks";
				PRODUCT_BUNDLE_IDENTIFIER = LEECOMBEST.ParkinsonCareUITests;
				PRODUCT_NAME = "$(TARGET_NAME)";
				SWIFT_SWIFT3_OBJC_INFERENCE = On;
				SWIFT_VERSION = 4.0;
				TEST_TARGET_NAME = ParkinsonCare;
			};
			name = Release;
		};
/* End XCBuildConfiguration section */

/* Begin XCConfigurationList section */
		A1768D652046AECD007A76D6 /* Build configuration list for PBXProject "ParkinsonCare" */ = {
			isa = XCConfigurationList;
			buildConfigurations = (
				A1768D932046AECD007A76D6 /* Debug */,
				A1768D942046AECD007A76D6 /* Release */,
			);
			defaultConfigurationIsVisible = 0;
			defaultConfigurationName = Release;
		};
		A1768D952046AECD007A76D6 /* Build configuration list for PBXNativeTarget "ParkinsonCare" */ = {
			isa = XCConfigurationList;
			buildConfigurations = (
				A1768D962046AECD007A76D6 /* Debug */,
				A1768D972046AECD007A76D6 /* Release */,
			);
			defaultConfigurationIsVisible = 0;
			defaultConfigurationName = Release;
		};
		A1768D982046AECD007A76D6 /* Build configuration list for PBXNativeTarget "ParkinsonCareTests" */ = {
			isa = XCConfigurationList;
			buildConfigurations = (
				A1768D992046AECD007A76D6 /* Debug */,
				A1768D9A2046AECD007A76D6 /* Release */,
			);
			defaultConfigurationIsVisible = 0;
			defaultConfigurationName = Release;
		};
		A1768D9B2046AECD007A76D6 /* Build configuration list for PBXNativeTarget "ParkinsonCareUITests" */ = {
			isa = XCConfigurationList;
			buildConfigurations = (
				A1768D9C2046AECD007A76D6 /* Debug */,
				A1768D9D2046AECD007A76D6 /* Release */,
			);
			defaultConfigurationIsVisible = 0;
			defaultConfigurationName = Release;
		};
/* End XCConfigurationList section */

/* Begin XCVersionGroup section */
		A1768D742046AECD007A76D6 /* ParkinsonCare.xcdatamodeld */ = {
			isa = XCVersionGroup;
			children = (
				A1768D752046AECD007A76D6 /* ParkinsonCare.xcdatamodel */,
			);
			currentVersion = A1768D752046AECD007A76D6 /* ParkinsonCare.xcdatamodel */;
			path = ParkinsonCare.xcdatamodeld;
			sourceTree = "<group>";
			versionGroupType = wrapper.xcdatamodel;
		};
/* End XCVersionGroup section */
	};
	rootObject = A1768D622046AECD007A76D6 /* Project object */;
}
